
Microsoft Visual Studio Solution File, Format Version 12.00
# Visual Studio Version 17
VisualStudioVersion = 17.1.32421.90
MinimumVisualStudioVersion = 10.0.40219.1
Project("{FAE04EC0-301F-11D3-BF4B-00C04F79EFBC}") = "EventProjectSWP", "EventProjectSWP\EventProjectSWP.csproj", "{EC07A65C-BE23-4C40-8AC2-8FDBC2560C84}"
EndProject
Global
	GlobalSection(SolutionConfigurationPlatforms) = preSolution
		Debug|Any CPU = Debug|Any CPU
		Release|Any CPU = Release|Any CPU
	EndGlobalSection
	GlobalSection(ProjectConfigurationPlatforms) = postSolution
		{EC07A65C-BE23-4C40-8AC2-8FDBC2560C84}.Debug|Any CPU.ActiveCfg = Debug|Any CPU
		{EC07A65C-BE23-4C40-8AC2-8FDBC2560C84}.Debug|Any CPU.Build.0 = Debug|Any CPU
		{EC07A65C-BE23-4C40-8AC2-8FDBC2560C84}.Release|Any CPU.ActiveCfg = Release|Any CPU
		{EC07A65C-BE23-4C40-8AC2-8FDBC2560C84}.Release|Any CPU.Build.0 = Release|Any CPU
	EndGlobalSection
	GlobalSection(SolutionProperties) = preSolution
		HideSolutionNode = FALSE
	EndGlobalSection
	GlobalSection(ExtensibilityGlobals) = postSolution
		SolutionGuid = {7953D758-46A8-4E48-B506-F09250059FB7}
	EndGlobalSection
EndGlobal
